
Microsoft Visual Studio Solution File, Format Version 12.00
# Visual Studio Version 16
VisualStudioVersion = 16.0.30503.244
MinimumVisualStudioVersion = 10.0.40219.1
Project("{9A19103F-16F7-4668-BE54-9A1E7A4F7556}") = "DiceRoller9000Bot", "DiceRoller9000Bot\DiceRoller9000Bot.csproj", "{97736E1B-AF03-4FCF-81C6-12DB59BB7DD9}"
EndProject
Project("{FAE04EC0-301F-11D3-BF4B-00C04F79EFBC}") = "RulesEngine", "RulesEngine\RulesEngine.csproj", "{DFC63964-8993-472A-AE76-8104126332FA}"
EndProject
Global
	GlobalSection(SolutionConfigurationPlatforms) = preSolution
		Debug|Any CPU = Debug|Any CPU
		Release|Any CPU = Release|Any CPU
	EndGlobalSection
	GlobalSection(ProjectConfigurationPlatforms) = postSolution
		{97736E1B-AF03-4FCF-81C6-12DB59BB7DD9}.Debug|Any CPU.ActiveCfg = Debug|Any CPU
		{97736E1B-AF03-4FCF-81C6-12DB59BB7DD9}.Debug|Any CPU.Build.0 = Debug|Any CPU
		{97736E1B-AF03-4FCF-81C6-12DB59BB7DD9}.Release|Any CPU.ActiveCfg = Release|Any CPU
		{97736E1B-AF03-4FCF-81C6-12DB59BB7DD9}.Release|Any CPU.Build.0 = Release|Any CPU
		{DFC63964-8993-472A-AE76-8104126332FA}.Debug|Any CPU.ActiveCfg = Debug|Any CPU
		{DFC63964-8993-472A-AE76-8104126332FA}.Debug|Any CPU.Build.0 = Debug|Any CPU
		{DFC63964-8993-472A-AE76-8104126332FA}.Release|Any CPU.ActiveCfg = Release|Any CPU
		{DFC63964-8993-472A-AE76-8104126332FA}.Release|Any CPU.Build.0 = Release|Any CPU
	EndGlobalSection
	GlobalSection(SolutionProperties) = preSolution
		HideSolutionNode = FALSE
	EndGlobalSection
	GlobalSection(ExtensibilityGlobals) = postSolution
		SolutionGuid = {977B81AC-D450-48AB-8335-D6FF1E1CB73F}
	EndGlobalSection
EndGlobal
